
Microsoft Visual Studio Solution File, Format Version 12.00
# Visual Studio Version 17
VisualStudioVersion = 17.0.31825.309
MinimumVisualStudioVersion = 10.0.40219.1
Project("{FAE04EC0-301F-11D3-BF4B-00C04F79EFBC}") = "APIMini", "APIMini\APIMini.csproj", "{6C0A46EB-3794-4029-8B86-568F244BB7E6}"
EndProject
Project("{FAE04EC0-301F-11D3-BF4B-00C04F79EFBC}") = "Api2", "Api2\Api2.csproj", "{2D603645-7CE6-4005-95B3-13D0A4DAB802}"
EndProject
Global
	GlobalSection(SolutionConfigurationPlatforms) = preSolution
		Debug|Any CPU = Debug|Any CPU
		Release|Any CPU = Release|Any CPU
	EndGlobalSection
	GlobalSection(ProjectConfigurationPlatforms) = postSolution
		{6C0A46EB-3794-4029-8B86-568F244BB7E6}.Debug|Any CPU.ActiveCfg = Debug|Any CPU
		{6C0A46EB-3794-4029-8B86-568F244BB7E6}.Debug|Any CPU.Build.0 = Debug|Any CPU
		{6C0A46EB-3794-4029-8B86-568F244BB7E6}.Release|Any CPU.ActiveCfg = Release|Any CPU
		{6C0A46EB-3794-4029-8B86-568F244BB7E6}.Release|Any CPU.Build.0 = Release|Any CPU
		{2D603645-7CE6-4005-95B3-13D0A4DAB802}.Debug|Any CPU.ActiveCfg = Debug|Any CPU
		{2D603645-7CE6-4005-95B3-13D0A4DAB802}.Debug|Any CPU.Build.0 = Debug|Any CPU
		{2D603645-7CE6-4005-95B3-13D0A4DAB802}.Release|Any CPU.ActiveCfg = Release|Any CPU
		{2D603645-7CE6-4005-95B3-13D0A4DAB802}.Release|Any CPU.Build.0 = Release|Any CPU
	EndGlobalSection
	GlobalSection(SolutionProperties) = preSolution
		HideSolutionNode = FALSE
	EndGlobalSection
	GlobalSection(ExtensibilityGlobals) = postSolution
		SolutionGuid = {C38C11A9-2611-45FA-BD56-72720FF556DF}
	EndGlobalSection
EndGlobal
